// !$*UTF8*$!
{
	archiveVersion = 1;
	classes = {
	};
	objectVersion = 48;
	objects = {

/* Begin PBXBuildFile section */
		D33D51BA200762A700061A44 /* AppDelegate.m in Sources */ = {isa = PBXBuildFile; fileRef = D33D51B9200762A700061A44 /* AppDelegate.m */; };
		D33D51BD200762A700061A44 /* ViewController.m in Sources */ = {isa = PBXBuildFile; fileRef = D33D51BC200762A700061A44 /* ViewController.m */; };
		D33D51C0200762A700061A44 /* Main.storyboard in Resources */ = {isa = PBXBuildFile; fileRef = D33D51BE200762A700061A44 /* Main.storyboard */; };
		D33D51C2200762A700061A44 /* Assets.xcassets in Resources */ = {isa = PBXBuildFile; fileRef = D33D51C1200762A700061A44 /* Assets.xcassets */; };
		D33D51C5200762A700061A44 /* LaunchScreen.storyboard in Resources */ = {isa = PBXBuildFile; fileRef = D33D51C3200762A700061A44 /* LaunchScreen.storyboard */; };
		D33D51C8200762A700061A44 /* main.m in Sources */ = {isa = PBXBuildFile; fileRef = D33D51C7200762A700061A44 /* main.m */; };
		D33D51D2200762A700061A44 /* OpenGLES3_0_DrawerrainTests.m in Sources */ = {isa = PBXBuildFile; fileRef = D33D51D1200762A700061A44 /* OpenGLES3_0_DrawerrainTests.m */; };
		D33D51DD200762A700061A44 /* OpenGLES3_0_DrawerrainUITests.m in Sources */ = {isa = PBXBuildFile; fileRef = D33D51DC200762A700061A44 /* OpenGLES3_0_DrawerrainUITests.m */; };
		D33D51ED2007633B00061A44 /* GLObject.m in Sources */ = {isa = PBXBuildFile; fileRef = D33D51EC2007633B00061A44 /* GLObject.m */; };
		D33D51F02007638200061A44 /* GLContext.m in Sources */ = {isa = PBXBuildFile; fileRef = D33D51EF2007638200061A44 /* GLContext.m */; };
		D33D51F32007639D00061A44 /* GLGeometry.m in Sources */ = {isa = PBXBuildFile; fileRef = D33D51F22007639D00061A44 /* GLGeometry.m */; };
		D33D51F62008804400061A44 /* GLTerrain.m in Sources */ = {isa = PBXBuildFile; fileRef = D33D51F52008804400061A44 /* GLTerrain.m */; };
		D33D51F92008A49C00061A44 /* GLBaseViewController.m in Sources */ = {isa = PBXBuildFile; fileRef = D33D51F82008A49C00061A44 /* GLBaseViewController.m */; };
		D33D52082008A62500061A44 /* laser.png in Resources */ = {isa = PBXBuildFile; fileRef = D33D51FB2008A62400061A44 /* laser.png */; };
		D33D52092008A62500061A44 /* texture.jpg in Resources */ = {isa = PBXBuildFile; fileRef = D33D51FC2008A62400061A44 /* texture.jpg */; };
		D33D520A2008A62500061A44 /* vertex.glsl in Resources */ = {isa = PBXBuildFile; fileRef = D33D51FD2008A62400061A44 /* vertex.glsl */; };
		D33D520B2008A62500061A44 /* terrain_01.jpg in Resources */ = {isa = PBXBuildFile; fileRef = D33D51FE2008A62400061A44 /* terrain_01.jpg */; };
		D33D520C2008A62500061A44 /* metal_03.png in Resources */ = {isa = PBXBuildFile; fileRef = D33D51FF2008A62400061A44 /* metal_03.png */; };
		D33D520D2008A62500061A44 /* grass_01.jpg in Resources */ = {isa = PBXBuildFile; fileRef = D33D52002008A62400061A44 /* grass_01.jpg */; };
		D33D520E2008A62500061A44 /* metal_02.jpg in Resources */ = {isa = PBXBuildFile; fileRef = D33D52012008A62400061A44 /* metal_02.jpg */; };
		D33D520F2008A62500061A44 /* frag_terrain.glsl in Resources */ = {isa = PBXBuildFile; fileRef = D33D52022008A62500061A44 /* frag_terrain.glsl */; };
		D33D52102008A62500061A44 /* frg_laser.glsl in Resources */ = {isa = PBXBuildFile; fileRef = D33D52032008A62500061A44 /* frg_laser.glsl */; };
		D33D52112008A62500061A44 /* metal_01.png in Resources */ = {isa = PBXBuildFile; fileRef = D33D52042008A62500061A44 /* metal_01.png */; };
		D33D52122008A62500061A44 /* images.jpeg in Resources */ = {isa = PBXBuildFile; fileRef = D33D52052008A62500061A44 /* images.jpeg */; };
		D33D52132008A62500061A44 /* fragment.glsl in Resources */ = {isa = PBXBuildFile; fileRef = D33D52062008A62500061A44 /* fragment.glsl */; };
		D33D52142008A62500061A44 /* dirt_01.jpg in Resources */ = {isa = PBXBuildFile; fileRef = D33D52072008A62500061A44 /* dirt_01.jpg */; };
/* End PBXBuildFile section */

/* Begin PBXContainerItemProxy section */
		D33D51CE200762A700061A44 /* PBXContainerItemProxy */ = {
			isa = PBXContainerItemProxy;
			containerPortal = D33D51AD200762A700061A44 /* Project object */;
			proxyType = 1;
			remoteGlobalIDString = D33D51B4200762A700061A44;
			remoteInfo = OpenGLES3.0_Drawerrain;
		};
		D33D51D9200762A700061A44 /* PBXContainerItemProxy */ = {
			isa = PBXContainerItemProxy;
			containerPortal = D33D51AD200762A700061A44 /* Project object */;
			proxyType = 1;
			remoteGlobalIDString = D33D51B4200762A700061A44;
			remoteInfo = OpenGLES3.0_Drawerrain;
		};
/* End PBXContainerItemProxy section */

/* Begin PBXFileReference section */
		D33D51B5200762A700061A44 /* OpenGLES3.0_Drawerrain.app */ = {isa = PBXFileReference; explicitFileType = wrapper.application; includeInIndex = 0; path = OpenGLES3.0_Drawerrain.app; sourceTree = BUILT_PRODUCTS_DIR; };
		D33D51B8200762A700061A44 /* AppDelegate.h */ = {isa = PBXFileReference; lastKnownFileType = sourcecode.c.h; path = AppDelegate.h; sourceTree = "<group>"; };
		D33D51B9200762A700061A44 /* AppDelegate.m */ = {isa = PBXFileReference; lastKnownFileType = sourcecode.c.objc; path = AppDelegate.m; sourceTree = "<group>"; };
		D33D51BB200762A700061A44 /* ViewController.h */ = {isa = PBXFileReference; lastKnownFileType = sourcecode.c.h; path = ViewController.h; sourceTree = "<group>"; };
		D33D51BC200762A700061A44 /* ViewController.m */ = {isa = PBXFileReference; lastKnownFileType = sourcecode.c.objc; path = ViewController.m; sourceTree = "<group>"; };
		D33D51BF200762A700061A44 /* Base */ = {isa = PBXFileReference; lastKnownFileType = file.storyboard; name = Base; path = Base.lproj/Main.storyboard; sourceTree = "<group>"; };
		D33D51C1200762A700061A44 /* Assets.xcassets */ = {isa = PBXFileReference; lastKnownFileType = folder.assetcatalog; path = Assets.xcassets; sourceTree = "<group>"; };
		D33D51C4200762A700061A44 /* Base */ = {isa = PBXFileReference; lastKnownFileType = file.storyboard; name = Base; path = Base.lproj/LaunchScreen.storyboard; sourceTree = "<group>"; };
		D33D51C6200762A700061A44 /* Info.plist */ = {isa = PBXFileReference; lastKnownFileType = text.plist.xml; path = Info.plist; sourceTree = "<group>"; };
		D33D51C7200762A700061A44 /* main.m */ = {isa = PBXFileReference; lastKnownFileType = sourcecode.c.objc; path = main.m; sourceTree = "<group>"; };
		D33D51CD200762A700061A44 /* OpenGLES3.0_DrawerrainTests.xctest */ = {isa = PBXFileReference; explicitFileType = wrapper.cfbundle; includeInIndex = 0; path = OpenGLES3.0_DrawerrainTests.xctest; sourceTree = BUILT_PRODUCTS_DIR; };
		D33D51D1200762A700061A44 /* OpenGLES3_0_DrawerrainTests.m */ = {isa = PBXFileReference; lastKnownFileType = sourcecode.c.objc; path = OpenGLES3_0_DrawerrainTests.m; sourceTree = "<group>"; };
		D33D51D3200762A700061A44 /* Info.plist */ = {isa = PBXFileReference; lastKnownFileType = text.plist.xml; path = Info.plist; sourceTree = "<group>"; };
		D33D51D8200762A700061A44 /* OpenGLES3.0_DrawerrainUITests.xctest */ = {isa = PBXFileReference; explicitFileType = wrapper.cfbundle; includeInIndex = 0; path = OpenGLES3.0_DrawerrainUITests.xctest; sourceTree = BUILT_PRODUCTS_DIR; };
		D33D51DC200762A700061A44 /* OpenGLES3_0_DrawerrainUITests.m */ = {isa = PBXFileReference; lastKnownFileType = sourcecode.c.objc; path = OpenGLES3_0_DrawerrainUITests.m; sourceTree = "<group>"; };
		D33D51DE200762A700061A44 /* Info.plist */ = {isa = PBXFileReference; lastKnownFileType = text.plist.xml; path = Info.plist; sourceTree = "<group>"; };
		D33D51EB2007633B00061A44 /* GLObject.h */ = {isa = PBXFileReference; lastKnownFileType = sourcecode.c.h; path = GLObject.h; sourceTree = "<group>"; };
		D33D51EC2007633B00061A44 /* GLObject.m */ = {isa = PBXFileReference; lastKnownFileType = sourcecode.c.objc; path = GLObject.m; sourceTree = "<group>"; };
		D33D51EE2007638200061A44 /* GLContext.h */ = {isa = PBXFileReference; lastKnownFileType = sourcecode.c.h; path = GLContext.h; sourceTree = "<group>"; };
		D33D51EF2007638200061A44 /* GLContext.m */ = {isa = PBXFileReference; lastKnownFileType = sourcecode.c.objc; path = GLContext.m; sourceTree = "<group>"; };
		D33D51F12007639D00061A44 /* GLGeometry.h */ = {isa = PBXFileReference; lastKnownFileType = sourcecode.c.h; path = GLGeometry.h; sourceTree = "<group>"; };
		D33D51F22007639D00061A44 /* GLGeometry.m */ = {isa = PBXFileReference; lastKnownFileType = sourcecode.c.objc; path = GLGeometry.m; sourceTree = "<group>"; };
		D33D51F42008804400061A44 /* GLTerrain.h */ = {isa = PBXFileReference; lastKnownFileType = sourcecode.c.h; path = GLTerrain.h; sourceTree = "<group>"; };
		D33D51F52008804400061A44 /* GLTerrain.m */ = {isa = PBXFileReference; lastKnownFileType = sourcecode.c.objc; path = GLTerrain.m; sourceTree = "<group>"; };
		D33D51F72008A49C00061A44 /* GLBaseViewController.h */ = {isa = PBXFileReference; lastKnownFileType = sourcecode.c.h; path = GLBaseViewController.h; sourceTree = "<group>"; };
		D33D51F82008A49C00061A44 /* GLBaseViewController.m */ = {isa = PBXFileReference; lastKnownFileType = sourcecode.c.objc; path = GLBaseViewController.m; sourceTree = "<group>"; };
		D33D51FB2008A62400061A44 /* laser.png */ = {isa = PBXFileReference; lastKnownFileType = image.png; name = laser.png; path = Resources/laser.png; sourceTree = SOURCE_ROOT; };
		D33D51FC2008A62400061A44 /* texture.jpg */ = {isa = PBXFileReference; lastKnownFileType = image.jpeg; name = texture.jpg; path = Resources/texture.jpg; sourceTree = SOURCE_ROOT; };
		D33D51FD2008A62400061A44 /* vertex.glsl */ = {isa = PBXFileReference; fileEncoding = 4; lastKnownFileType = text; name = vertex.glsl; path = Resources/vertex.glsl; sourceTree = SOURCE_ROOT; };
		D33D51FE2008A62400061A44 /* terrain_01.jpg */ = {isa = PBXFileReference; lastKnownFileType = image.jpeg; name = terrain_01.jpg; path = Resources/terrain_01.jpg; sourceTree = SOURCE_ROOT; };
		D33D51FF2008A62400061A44 /* metal_03.png */ = {isa = PBXFileReference; lastKnownFileType = image.png; name = metal_03.png; path = Resources/metal_03.png; sourceTree = SOURCE_ROOT; };
		D33D52002008A62400061A44 /* grass_01.jpg */ = {isa = PBXFileReference; lastKnownFileType = image.jpeg; name = grass_01.jpg; path = Resources/grass_01.jpg; sourceTree = SOURCE_ROOT; };
		D33D52012008A62400061A44 /* metal_02.jpg */ = {isa = PBXFileReference; lastKnownFileType = image.jpeg; name = metal_02.jpg; path = Resources/metal_02.jpg; sourceTree = SOURCE_ROOT; };
		D33D52022008A62500061A44 /* frag_terrain.glsl */ = {isa = PBXFileReference; fileEncoding = 4; lastKnownFileType = text; name = frag_terrain.glsl; path = Resources/frag_terrain.glsl; sourceTree = SOURCE_ROOT; };
		D33D52032008A62500061A44 /* frg_laser.glsl */ = {isa = PBXFileReference; fileEncoding = 4; lastKnownFileType = text; name = frg_laser.glsl; path = Resources/frg_laser.glsl; sourceTree = SOURCE_ROOT; };
		D33D52042008A62500061A44 /* metal_01.png */ = {isa = PBXFileReference; lastKnownFileType = image.png; name = metal_01.png; path = Resources/metal_01.png; sourceTree = SOURCE_ROOT; };
		D33D52052008A62500061A44 /* images.jpeg */ = {isa = PBXFileReference; lastKnownFileType = image.jpeg; name = images.jpeg; path = Resources/images.jpeg; sourceTree = SOURCE_ROOT; };
		D33D52062008A62500061A44 /* fragment.glsl */ = {isa = PBXFileReference; fileEncoding = 4; lastKnownFileType = text; name = fragment.glsl; path = Resources/fragment.glsl; sourceTree = SOURCE_ROOT; };
		D33D52072008A62500061A44 /* dirt_01.jpg */ = {isa = PBXFileReference; lastKnownFileType = image.jpeg; name = dirt_01.jpg; path = Resources/dirt_01.jpg; sourceTree = SOURCE_ROOT; };
/* End PBXFileReference section */

/* Begin PBXFrameworksBuildPhase section */
		D33D51B2200762A700061A44 /* Frameworks */ = {
			isa = PBXFrameworksBuildPhase;
			buildActionMask = 2147483647;
			files = (
			);
			runOnlyForDeploymentPostprocessing = 0;
		};
		D33D51CA200762A700061A44 /* Frameworks */ = {
			isa = PBXFrameworksBuildPhase;
			buildActionMask = 2147483647;
			files = (
			);
			runOnlyForDeploymentPostprocessing = 0;
		};
		D33D51D5200762A700061A44 /* Frameworks */ = {
			isa = PBXFrameworksBuildPhase;
			buildActionMask = 2147483647;
			files = (
			);
			runOnlyForDeploymentPostprocessing = 0;
		};
/* End PBXFrameworksBuildPhase section */

/* Begin PBXGroup section */
		D33D51AC200762A700061A44 = {
			isa = PBXGroup;
			children = (
				D33D51FA2008A60D00061A44 /* Resources */,
				D33D51EA2007630E00061A44 /*  GL */,
				D33D51B7200762A700061A44 /* OpenGLES3.0_Drawerrain */,
				D33D51D0200762A700061A44 /* OpenGLES3.0_DrawerrainTests */,
				D33D51DB200762A700061A44 /* OpenGLES3.0_DrawerrainUITests */,
				D33D51B6200762A700061A44 /* Products */,
			);
			sourceTree = "<group>";
		};
		D33D51B6200762A700061A44 /* Products */ = {
			isa = PBXGroup;
			children = (
				D33D51B5200762A700061A44 /* OpenGLES3.0_Drawerrain.app */,
				D33D51CD200762A700061A44 /* OpenGLES3.0_DrawerrainTests.xctest */,
				D33D51D8200762A700061A44 /* OpenGLES3.0_DrawerrainUITests.xctest */,
			);
			name = Products;
			sourceTree = "<group>";
		};
		D33D51B7200762A700061A44 /* OpenGLES3.0_Drawerrain */ = {
			isa = PBXGroup;
			children = (
				D33D51B8200762A700061A44 /* AppDelegate.h */,
				D33D51B9200762A700061A44 /* AppDelegate.m */,
				D33D51F72008A49C00061A44 /* GLBaseViewController.h */,
				D33D51F82008A49C00061A44 /* GLBaseViewController.m */,
				D33D51BB200762A700061A44 /* ViewController.h */,
				D33D51BC200762A700061A44 /* ViewController.m */,
				D33D51BE200762A700061A44 /* Main.storyboard */,
				D33D51C1200762A700061A44 /* Assets.xcassets */,
				D33D51C3200762A700061A44 /* LaunchScreen.storyboard */,
				D33D51C6200762A700061A44 /* Info.plist */,
				D33D51C7200762A700061A44 /* main.m */,
			);
			path = OpenGLES3.0_Drawerrain;
			sourceTree = "<group>";
		};
		D33D51D0200762A700061A44 /* OpenGLES3.0_DrawerrainTests */ = {
			isa = PBXGroup;
			children = (
				D33D51D1200762A700061A44 /* OpenGLES3_0_DrawerrainTests.m */,
				D33D51D3200762A700061A44 /* Info.plist */,
			);
			path = OpenGLES3.0_DrawerrainTests;
			sourceTree = "<group>";
		};
		D33D51DB200762A700061A44 /* OpenGLES3.0_DrawerrainUITests */ = {
			isa = PBXGroup;
			children = (
				D33D51DC200762A700061A44 /* OpenGLES3_0_DrawerrainUITests.m */,
				D33D51DE200762A700061A44 /* Info.plist */,
			);
			path = OpenGLES3.0_DrawerrainUITests;
			sourceTree = "<group>";
		};
		D33D51EA2007630E00061A44 /*  GL */ = {
			isa = PBXGroup;
			children = (
				D33D51EE2007638200061A44 /* GLContext.h */,
				D33D51EF2007638200061A44 /* GLContext.m */,
				D33D51EB2007633B00061A44 /* GLObject.h */,
				D33D51EC2007633B00061A44 /* GLObject.m */,
				D33D51F12007639D00061A44 /* GLGeometry.h */,
				D33D51F22007639D00061A44 /* GLGeometry.m */,
				D33D51F42008804400061A44 /* GLTerrain.h */,
				D33D51F52008804400061A44 /* GLTerrain.m */,
			);
			path = " GL";
			sourceTree = "<group>";
		};
		D33D51FA2008A60D00061A44 /* Resources */ = {
			isa = PBXGroup;
			children = (
				D33D52072008A62500061A44 /* dirt_01.jpg */,
				D33D52022008A62500061A44 /* frag_terrain.glsl */,
				D33D52062008A62500061A44 /* fragment.glsl */,
				D33D52032008A62500061A44 /* frg_laser.glsl */,
				D33D52002008A62400061A44 /* grass_01.jpg */,
				D33D52052008A62500061A44 /* images.jpeg */,
				D33D51FB2008A62400061A44 /* laser.png */,
				D33D52042008A62500061A44 /* metal_01.png */,
				D33D52012008A62400061A44 /* metal_02.jpg */,
				D33D51FF2008A62400061A44 /* metal_03.png */,
				D33D51FE2008A62400061A44 /* terrain_01.jpg */,
				D33D51FC2008A62400061A44 /* texture.jpg */,
				D33D51FD2008A62400061A44 /* vertex.glsl */,
			);
			name = Resources;
			path = "New Group";
			sourceTree = "<group>";
		};
/* End PBXGroup section */

/* Begin PBXNativeTarget section */
		D33D51B4200762A700061A44 /* OpenGLES3.0_Drawerrain */ = {
			isa = PBXNativeTarget;
			buildConfigurationList = D33D51E1200762A700061A44 /* Build configuration list for PBXNativeTarget "OpenGLES3.0_Drawerrain" */;
			buildPhases = (
				D33D51B1200762A700061A44 /* Sources */,
				D33D51B2200762A700061A44 /* Frameworks */,
				D33D51B3200762A700061A44 /* Resources */,
			);
			buildRules = (
			);
			dependencies = (
			);
			name = OpenGLES3.0_Drawerrain;
			productName = OpenGLES3.0_Drawerrain;
			productReference = D33D51B5200762A700061A44 /* OpenGLES3.0_Drawerrain.app */;
			productType = "com.apple.product-type.application";
		};
		D33D51CC200762A700061A44 /* OpenGLES3.0_DrawerrainTests */ = {
			isa = PBXNativeTarget;
			buildConfigurationList = D33D51E4200762A700061A44 /* Build configuration list for PBXNativeTarget "OpenGLES3.0_DrawerrainTests" */;
			buildPhases = (
				D33D51C9200762A700061A44 /* Sources */,
				D33D51CA200762A700061A44 /* Frameworks */,
				D33D51CB200762A700061A44 /* Resources */,
			);
			buildRules = (
			);
			dependencies = (
				D33D51CF200762A700061A44 /* PBXTargetDependency */,
			);
			name = OpenGLES3.0_DrawerrainTests;
			productName = OpenGLES3.0_DrawerrainTests;
			productReference = D33D51CD200762A700061A44 /* OpenGLES3.0_DrawerrainTests.xctest */;
			productType = "com.apple.product-type.bundle.unit-test";
		};
		D33D51D7200762A700061A44 /* OpenGLES3.0_DrawerrainUITests */ = {
			isa = PBXNativeTarget;
			buildConfigurationList = D33D51E7200762A700061A44 /* Build configuration list for PBXNativeTarget "OpenGLES3.0_DrawerrainUITests" */;
			buildPhases = (
				D33D51D4200762A700061A44 /* Sources */,
				D33D51D5200762A700061A44 /* Frameworks */,
				D33D51D6200762A700061A44 /* Resources */,
			);
			buildRules = (
			);
			dependencies = (
				D33D51DA200762A700061A44 /* PBXTargetDependency */,
			);
			name = OpenGLES3.0_DrawerrainUITests;
			productName = OpenGLES3.0_DrawerrainUITests;
			productReference = D33D51D8200762A700061A44 /* OpenGLES3.0_DrawerrainUITests.xctest */;
			productType = "com.apple.product-type.bundle.ui-testing";
		};
/* End PBXNativeTarget section */

/* Begin PBXProject section */
		D33D51AD200762A700061A44 /* Project object */ = {
			isa = PBXProject;
			attributes = {
				LastUpgradeCheck = 0920;
				ORGANIZATIONNAME = sensetimesj;
				TargetAttributes = {
					D33D51B4200762A700061A44 = {
						CreatedOnToolsVersion = 9.2;
						ProvisioningStyle = Automatic;
					};
					D33D51CC200762A700061A44 = {
						CreatedOnToolsVersion = 9.2;
						ProvisioningStyle = Automatic;
						TestTargetID = D33D51B4200762A700061A44;
					};
					D33D51D7200762A700061A44 = {
						CreatedOnToolsVersion = 9.2;
						ProvisioningStyle = Automatic;
						TestTargetID = D33D51B4200762A700061A44;
					};
				};
			};
			buildConfigurationList = D33D51B0200762A700061A44 /* Build configuration list for PBXProject "OpenGLES3.0_Drawerrain" */;
			compatibilityVersion = "Xcode 8.0";
			developmentRegion = en;
			hasScannedForEncodings = 0;
			knownRegions = (
				en,
				Base,
			);
			mainGroup = D33D51AC200762A700061A44;
			productRefGroup = D33D51B6200762A700061A44 /* Products */;
			projectDirPath = "";
			projectRoot = "";
			targets = (
				D33D51B4200762A700061A44 /* OpenGLES3.0_Drawerrain */,
				D33D51CC200762A700061A44 /* OpenGLES3.0_DrawerrainTests */,
				D33D51D7200762A700061A44 /* OpenGLES3.0_DrawerrainUITests */,
			);
		};
/* End PBXProject section */

/* Begin PBXResourcesBuildPhase section */
		D33D51B3200762A700061A44 /* Resources */ = {
			isa = PBXResourcesBuildPhase;
			buildActionMask = 2147483647;
			files = (
				D33D52132008A62500061A44 /* fragment.glsl in Resources */,
				D33D52092008A62500061A44 /* texture.jpg in Resources */,
				D33D51C5200762A700061A44 /* LaunchScreen.storyboard in Resources */,
				D33D520B2008A62500061A44 /* terrain_01.jpg in Resources */,
				D33D52122008A62500061A44 /* images.jpeg in Resources */,
				D33D52102008A62500061A44 /* frg_laser.glsl in Resources */,
				D33D520F2008A62500061A44 /* frag_terrain.glsl in Resources */,
				D33D520E2008A62500061A44 /* metal_02.jpg in Resources */,
				D33D51C2200762A700061A44 /* Assets.xcassets in Resources */,
				D33D520C2008A62500061A44 /* metal_03.png in Resources */,
				D33D52112008A62500061A44 /* metal_01.png in Resources */,
				D33D520A2008A62500061A44 /* vertex.glsl in Resources */,
				D33D51C0200762A700061A44 /* Main.storyboard in Resources */,
				D33D52142008A62500061A44 /* dirt_01.jpg in Resources */,
				D33D520D2008A62500061A44 /* grass_01.jpg in Resources */,
				D33D52082008A62500061A44 /* laser.png in Resources */,
			);
			runOnlyForDeploymentPostprocessing = 0;
		};
		D33D51CB200762A700061A44 /* Resources */ = {
			isa = PBXResourcesBuildPhase;
			buildActionMask = 2147483647;
			files = (
			);
			runOnlyForDeploymentPostprocessing = 0;
		};
		D33D51D6200762A700061A44 /* Resources */ = {
			isa = PBXResourcesBuildPhase;
			buildActionMask = 2147483647;
			files = (
			);
			runOnlyForDeploymentPostprocessing = 0;
		};
/* End PBXResourcesBuildPhase section */

/* Begin PBXSourcesBuildPhase section */
		D33D51B1200762A700061A44 /* Sources */ = {
			isa = PBXSourcesBuildPhase;
			buildActionMask = 2147483647;
			files = (
				D33D51BD200762A700061A44 /* ViewController.m in Sources */,
				D33D51C8200762A700061A44 /* main.m in Sources */,
				D33D51F32007639D00061A44 /* GLGeometry.m in Sources */,
				D33D51F02007638200061A44 /* GLContext.m in Sources */,
				D33D51BA200762A700061A44 /* AppDelegate.m in Sources */,
				D33D51F62008804400061A44 /* GLTerrain.m in Sources */,
				D33D51F92008A49C00061A44 /* GLBaseViewController.m in Sources */,
				D33D51ED2007633B00061A44 /* GLObject.m in Sources */,
			);
			runOnlyForDeploymentPostprocessing = 0;
		};
		D33D51C9200762A700061A44 /* Sources */ = {
			isa = PBXSourcesBuildPhase;
			buildActionMask = 2147483647;
			files = (
				D33D51D2200762A700061A44 /* OpenGLES3_0_DrawerrainTests.m in Sources */,
			);
			runOnlyForDeploymentPostprocessing = 0;
		};
		D33D51D4200762A700061A44 /* Sources */ = {
			isa = PBXSourcesBuildPhase;
			buildActionMask = 2147483647;
			files = (
				D33D51DD200762A700061A44 /* OpenGLES3_0_DrawerrainUITests.m in Sources */,
			);
			runOnlyForDeploymentPostprocessing = 0;
		};
/* End PBXSourcesBuildPhase section */

/* Begin PBXTargetDependency section */
		D33D51CF200762A700061A44 /* PBXTargetDependency */ = {
			isa = PBXTargetDependency;
			target = D33D51B4200762A700061A44 /* OpenGLES3.0_Drawerrain */;
			targetProxy = D33D51CE200762A700061A44 /* PBXContainerItemProxy */;
		};
		D33D51DA200762A700061A44 /* PBXTargetDependency */ = {
			isa = PBXTargetDependency;
			target = D33D51B4200762A700061A44 /* OpenGLES3.0_Drawerrain */;
			targetProxy = D33D51D9200762A700061A44 /* PBXContainerItemProxy */;
		};
/* End PBXTargetDependency section */

/* Begin PBXVariantGroup section */
		D33D51BE200762A700061A44 /* Main.storyboard */ = {
			isa = PBXVariantGroup;
			children = (
				D33D51BF200762A700061A44 /* Base */,
			);
			name = Main.storyboard;
			sourceTree = "<group>";
		};
		D33D51C3200762A700061A44 /* LaunchScreen.storyboard */ = {
			isa = PBXVariantGroup;
			children = (
				D33D51C4200762A700061A44 /* Base */,
			);
			name = LaunchScreen.storyboard;
			sourceTree = "<group>";
		};
/* End PBXVariantGroup section */

/* Begin XCBuildConfiguration section */
		D33D51DF200762A700061A44 /* Debug */ = {
			isa = XCBuildConfiguration;
			buildSettings = {
				ALWAYS_SEARCH_USER_PATHS = NO;
				CLANG_ANALYZER_NONNULL = YES;
				CLANG_ANALYZER_NUMBER_OBJECT_CONVERSION = YES_AGGRESSIVE;
				CLANG_CXX_LANGUAGE_STANDARD = "gnu++14";
				CLANG_CXX_LIBRARY = "libc++";
				CLANG_ENABLE_MODULES = YES;
				CLANG_ENABLE_OBJC_ARC = YES;
				CLANG_WARN_BLOCK_CAPTURE_AUTORELEASING = YES;
				CLANG_WARN_BOOL_CONVERSION = YES;
				CLANG_WARN_COMMA = YES;
				CLANG_WARN_CONSTANT_CONVERSION = YES;
				CLANG_WARN_DIRECT_OBJC_ISA_USAGE = YES_ERROR;
				CLANG_WARN_DOCUMENTATION_COMMENTS = YES;
				CLANG_WARN_EMPTY_BODY = YES;
				CLANG_WARN_ENUM_CONVERSION = YES;
				CLANG_WARN_INFINITE_RECURSION = YES;
				CLANG_WARN_INT_CONVERSION = YES;
				CLANG_WARN_NON_LITERAL_NULL_CONVERSION = YES;
				CLANG_WARN_OBJC_LITERAL_CONVERSION = YES;
				CLANG_WARN_OBJC_ROOT_CLASS = YES_ERROR;
				CLANG_WARN_RANGE_LOOP_ANALYSIS = YES;
				CLANG_WARN_STRICT_PROTOTYPES = YES;
				CLANG_WARN_SUSPICIOUS_MOVE = YES;
				CLANG_WARN_UNGUARDED_AVAILABILITY = YES_AGGRESSIVE;
				CLANG_WARN_UNREACHABLE_CODE = YES;
				CLANG_WARN__DUPLICATE_METHOD_MATCH = YES;
				CODE_SIGN_IDENTITY = "iPhone Developer";
				COPY_PHASE_STRIP = NO;
				DEBUG_INFORMATION_FORMAT = dwarf;
				ENABLE_STRICT_OBJC_MSGSEND = YES;
				ENABLE_TESTABILITY = YES;
				GCC_C_LANGUAGE_STANDARD = gnu11;
				GCC_DYNAMIC_NO_PIC = NO;
				GCC_NO_COMMON_BLOCKS = YES;
				GCC_OPTIMIZATION_LEVEL = 0;
				GCC_PREPROCESSOR_DEFINITIONS = (
					"DEBUG=1",
					"$(inherited)",
				);
				GCC_WARN_64_TO_32_BIT_CONVERSION = YES;
				GCC_WARN_ABOUT_RETURN_TYPE = YES_ERROR;
				GCC_WARN_UNDECLARED_SELECTOR = YES;
				GCC_WARN_UNINITIALIZED_AUTOS = YES_AGGRESSIVE;
				GCC_WARN_UNUSED_FUNCTION = YES;
				GCC_WARN_UNUSED_VARIABLE = YES;
				IPHONEOS_DEPLOYMENT_TARGET = 11.2;
				MTL_ENABLE_DEBUG_INFO = YES;
				ONLY_ACTIVE_ARCH = YES;
				SDKROOT = iphoneos;
			};
			name = Debug;
		};
		D33D51E0200762A700061A44 /* Release */ = {
			isa = XCBuildConfiguration;
			buildSettings = {
				ALWAYS_SEARCH_USER_PATHS = NO;
				CLANG_ANALYZER_NONNULL = YES;
				CLANG_ANALYZER_NUMBER_OBJECT_CONVERSION = YES_AGGRESSIVE;
				CLANG_CXX_LANGUAGE_STANDARD = "gnu++14";
				CLANG_CXX_LIBRARY = "libc++";
				CLANG_ENABLE_MODULES = YES;
				CLANG_ENABLE_OBJC_ARC = YES;
				CLANG_WARN_BLOCK_CAPTURE_AUTORELEASING = YES;
				CLANG_WARN_BOOL_CONVERSION = YES;
				CLANG_WARN_COMMA = YES;
				CLANG_WARN_CONSTANT_CONVERSION = YES;
				CLANG_WARN_DIRECT_OBJC_ISA_USAGE = YES_ERROR;
				CLANG_WARN_DOCUMENTATION_COMMENTS = YES;
				CLANG_WARN_EMPTY_BODY = YES;
				CLANG_WARN_ENUM_CONVERSION = YES;
				CLANG_WARN_INFINITE_RECURSION = YES;
				CLANG_WARN_INT_CONVERSION = YES;
				CLANG_WARN_NON_LITERAL_NULL_CONVERSION = YES;
				CLANG_WARN_OBJC_LITERAL_CONVERSION = YES;
				CLANG_WARN_OBJC_ROOT_CLASS = YES_ERROR;
				CLANG_WARN_RANGE_LOOP_ANALYSIS = YES;
				CLANG_WARN_STRICT_PROTOTYPES = YES;
				CLANG_WARN_SUSPICIOUS_MOVE = YES;
				CLANG_WARN_UNGUARDED_AVAILABILITY = YES_AGGRESSIVE;
				CLANG_WARN_UNREACHABLE_CODE = YES;
				CLANG_WARN__DUPLICATE_METHOD_MATCH = YES;
				CODE_SIGN_IDENTITY = "iPhone Developer";
				COPY_PHASE_STRIP = NO;
				DEBUG_INFORMATION_FORMAT = "dwarf-with-dsym";
				ENABLE_NS_ASSERTIONS = NO;
				ENABLE_STRICT_OBJC_MSGSEND = YES;
				GCC_C_LANGUAGE_STANDARD = gnu11;
				GCC_NO_COMMON_BLOCKS = YES;
				GCC_WARN_64_TO_32_BIT_CONVERSION = YES;
				GCC_WARN_ABOUT_RETURN_TYPE = YES_ERROR;
				GCC_WARN_UNDECLARED_SELECTOR = YES;
				GCC_WARN_UNINITIALIZED_AUTOS = YES_AGGRESSIVE;
				GCC_WARN_UNUSED_FUNCTION = YES;
				GCC_WARN_UNUSED_VARIABLE = YES;
				IPHONEOS_DEPLOYMENT_TARGET = 11.2;
				MTL_ENABLE_DEBUG_INFO = NO;
				SDKROOT = iphoneos;
				VALIDATE_PRODUCT = YES;
			};
			name = Release;
		};
		D33D51E2200762A700061A44 /* Debug */ = {
			isa = XCBuildConfiguration;
			buildSettings = {
				ASSETCATALOG_COMPILER_APPICON_NAME = AppIcon;
				CODE_SIGN_STYLE = Automatic;
				DEVELOPMENT_TEAM = G426QE9Z25;
				INFOPLIST_FILE = OpenGLES3.0_Drawerrain/Info.plist;
				IPHONEOS_DEPLOYMENT_TARGET = 10.0;
				LD_RUNPATH_SEARCH_PATHS = "$(inherited) @executable_path/Frameworks";
				PRODUCT_BUNDLE_IDENTIFIER = "com.sensetime.beijing.OpenGLES3-0-Drawerrain";
				PRODUCT_NAME = "$(TARGET_NAME)";
				TARGETED_DEVICE_FAMILY = "1,2";
			};
			name = Debug;
		};
		D33D51E3200762A700061A44 /* Release */ = {
			isa = XCBuildConfiguration;
			buildSettings = {
				ASSETCATALOG_COMPILER_APPICON_NAME = AppIcon;
				CODE_SIGN_STYLE = Automatic;
				DEVELOPMENT_TEAM = G426QE9Z25;
				INFOPLIST_FILE = OpenGLES3.0_Drawerrain/Info.plist;
				IPHONEOS_DEPLOYMENT_TARGET = 10.0;
				LD_RUNPATH_SEARCH_PATHS = "$(inherited) @executable_path/Frameworks";
				PRODUCT_BUNDLE_IDENTIFIER = "com.sensetime.beijing.OpenGLES3-0-Drawerrain";
				PRODUCT_NAME = "$(TARGET_NAME)";
				TARGETED_DEVICE_FAMILY = "1,2";
			};
			name = Release;
		};
		D33D51E5200762A700061A44 /* Debug */ = {
			isa = XCBuildConfiguration;
			buildSettings = {
				BUNDLE_LOADER = "$(TEST_HOST)";
				CODE_SIGN_STYLE = Automatic;
				DEVELOPMENT_TEAM = G426QE9Z25;
				INFOPLIST_FILE = OpenGLES3.0_DrawerrainTests/Info.plist;
				LD_RUNPATH_SEARCH_PATHS = "$(inherited) @executable_path/Frameworks @loader_path/Frameworks";
				PRODUCT_BUNDLE_IDENTIFIER = "com.sensetime.beijing.OpenGLES3-0-DrawerrainTests";
				PRODUCT_NAME = "$(TARGET_NAME)";
				TARGETED_DEVICE_FAMILY = "1,2";
				TEST_HOST = "$(BUILT_PRODUCTS_DIR)/OpenGLES3.0_Drawerrain.app/OpenGLES3.0_Drawerrain";
			};
			name = Debug;
		};
		D33D51E6200762A700061A44 /* Release */ = {
			isa = XCBuildConfiguration;
			buildSettings = {
				BUNDLE_LOADER = "$(TEST_HOST)";
				CODE_SIGN_STYLE = Automatic;
				DEVELOPMENT_TEAM = G426QE9Z25;
				INFOPLIST_FILE = OpenGLES3.0_DrawerrainTests/Info.plist;
				LD_RUNPATH_SEARCH_PATHS = "$(inherited) @executable_path/Frameworks @loader_path/Frameworks";
				PRODUCT_BUNDLE_IDENTIFIER = "com.sensetime.beijing.OpenGLES3-0-DrawerrainTests";
				PRODUCT_NAME = "$(TARGET_NAME)";
				TARGETED_DEVICE_FAMILY = "1,2";
				TEST_HOST = "$(BUILT_PRODUCTS_DIR)/OpenGLES3.0_Drawerrain.app/OpenGLES3.0_Drawerrain";
			};
			name = Release;
		};
		D33D51E8200762A700061A44 /* Debug */ = {
			isa = XCBuildConfiguration;
			buildSettings = {
				CODE_SIGN_STYLE = Automatic;
				DEVELOPMENT_TEAM = G426QE9Z25;
				INFOPLIST_FILE = OpenGLES3.0_DrawerrainUITests/Info.plist;
				LD_RUNPATH_SEARCH_PATHS = "$(inherited) @executable_path/Frameworks @loader_path/Frameworks";
				PRODUCT_BUNDLE_IDENTIFIER = "com.sensetime.beijing.OpenGLES3-0-DrawerrainUITests";
				PRODUCT_NAME = "$(TARGET_NAME)";
				TARGETED_DEVICE_FAMILY = "1,2";
				TEST_TARGET_NAME = OpenGLES3.0_Drawerrain;
			};
			name = Debug;
		};
		D33D51E9200762A700061A44 /* Release */ = {
			isa = XCBuildConfiguration;
			buildSettings = {
				CODE_SIGN_STYLE = Automatic;
				DEVELOPMENT_TEAM = G426QE9Z25;
				INFOPLIST_FILE = OpenGLES3.0_DrawerrainUITests/Info.plist;
				LD_RUNPATH_SEARCH_PATHS = "$(inherited) @executable_path/Frameworks @loader_path/Frameworks";
				PRODUCT_BUNDLE_IDENTIFIER = "com.sensetime.beijing.OpenGLES3-0-DrawerrainUITests";
				PRODUCT_NAME = "$(TARGET_NAME)";
				TARGETED_DEVICE_FAMILY = "1,2";
				TEST_TARGET_NAME = OpenGLES3.0_Drawerrain;
			};
			name = Release;
		};
/* End XCBuildConfiguration section */

/* Begin XCConfigurationList section */
		D33D51B0200762A700061A44 /* Build configuration list for PBXProject "OpenGLES3.0_Drawerrain" */ = {
			isa = XCConfigurationList;
			buildConfigurations = (
				D33D51DF200762A700061A44 /* Debug */,
				D33D51E0200762A700061A44 /* Release */,
			);
			defaultConfigurationIsVisible = 0;
			defaultConfigurationName = Release;
		};
		D33D51E1200762A700061A44 /* Build configuration list for PBXNativeTarget "OpenGLES3.0_Drawerrain" */ = {
			isa = XCConfigurationList;
			buildConfigurations = (
				D33D51E2200762A700061A44 /* Debug */,
				D33D51E3200762A700061A44 /* Release */,
			);
			defaultConfigurationIsVisible = 0;
			defaultConfigurationName = Release;
		};
		D33D51E4200762A700061A44 /* Build configuration list for PBXNativeTarget "OpenGLES3.0_DrawerrainTests" */ = {
			isa = XCConfigurationList;
			buildConfigurations = (
				D33D51E5200762A700061A44 /* Debug */,
				D33D51E6200762A700061A44 /* Release */,
			);
			defaultConfigurationIsVisible = 0;
			defaultConfigurationName = Release;
		};
		D33D51E7200762A700061A44 /* Build configuration list for PBXNativeTarget "OpenGLES3.0_DrawerrainUITests" */ = {
			isa = XCConfigurationList;
			buildConfigurations = (
				D33D51E8200762A700061A44 /* Debug */,
				D33D51E9200762A700061A44 /* Release */,
			);
			defaultConfigurationIsVisible = 0;
			defaultConfigurationName = Release;
		};
/* End XCConfigurationList section */
	};
	rootObject = D33D51AD200762A700061A44 /* Project object */;
}
